
Microsoft Visual Studio Solution File, Format Version 12.00
# Visual Studio Version 17
VisualStudioVersion = 17.3.32819.101
MinimumVisualStudioVersion = 10.0.40219.1
Project("{FAE04EC0-301F-11D3-BF4B-00C04F79EFBC}") = "Producto", "Producto.csproj", "{82DEB4A7-90D4-4A46-9138-4C73CB778DDF}"
EndProject
Project("{FAE04EC0-301F-11D3-BF4B-00C04F79EFBC}") = "Entidades", "..\Entidades\Entidades.csproj", "{7388B3F3-AD4E-45E4-B821-6020681C5D74}"
EndProject
Project("{FAE04EC0-301F-11D3-BF4B-00C04F79EFBC}") = "Datos", "..\Datos\Datos.csproj", "{628B60F7-2D13-43EA-8CB3-26E6C1B99AFE}"
EndProject
Project("{FAE04EC0-301F-11D3-BF4B-00C04F79EFBC}") = "Negocio", "..\Negocio\Negocio.csproj", "{FD730A1C-C8E9-4A7C-8D6F-34C14288B571}"
EndProject
Global
	GlobalSection(SolutionConfigurationPlatforms) = preSolution
		Debug|Any CPU = Debug|Any CPU
		Release|Any CPU = Release|Any CPU
	EndGlobalSection
	GlobalSection(ProjectConfigurationPlatforms) = postSolution
		{82DEB4A7-90D4-4A46-9138-4C73CB778DDF}.Debug|Any CPU.ActiveCfg = Debug|Any CPU
		{82DEB4A7-90D4-4A46-9138-4C73CB778DDF}.Debug|Any CPU.Build.0 = Debug|Any CPU
		{82DEB4A7-90D4-4A46-9138-4C73CB778DDF}.Release|Any CPU.ActiveCfg = Release|Any CPU
		{82DEB4A7-90D4-4A46-9138-4C73CB778DDF}.Release|Any CPU.Build.0 = Release|Any CPU
		{7388B3F3-AD4E-45E4-B821-6020681C5D74}.Debug|Any CPU.ActiveCfg = Debug|Any CPU
		{7388B3F3-AD4E-45E4-B821-6020681C5D74}.Debug|Any CPU.Build.0 = Debug|Any CPU
		{7388B3F3-AD4E-45E4-B821-6020681C5D74}.Release|Any CPU.ActiveCfg = Release|Any CPU
		{7388B3F3-AD4E-45E4-B821-6020681C5D74}.Release|Any CPU.Build.0 = Release|Any CPU
		{628B60F7-2D13-43EA-8CB3-26E6C1B99AFE}.Debug|Any CPU.ActiveCfg = Debug|Any CPU
		{628B60F7-2D13-43EA-8CB3-26E6C1B99AFE}.Debug|Any CPU.Build.0 = Debug|Any CPU
		{628B60F7-2D13-43EA-8CB3-26E6C1B99AFE}.Release|Any CPU.ActiveCfg = Release|Any CPU
		{628B60F7-2D13-43EA-8CB3-26E6C1B99AFE}.Release|Any CPU.Build.0 = Release|Any CPU
		{FD730A1C-C8E9-4A7C-8D6F-34C14288B571}.Debug|Any CPU.ActiveCfg = Debug|Any CPU
		{FD730A1C-C8E9-4A7C-8D6F-34C14288B571}.Debug|Any CPU.Build.0 = Debug|Any CPU
		{FD730A1C-C8E9-4A7C-8D6F-34C14288B571}.Release|Any CPU.ActiveCfg = Release|Any CPU
		{FD730A1C-C8E9-4A7C-8D6F-34C14288B571}.Release|Any CPU.Build.0 = Release|Any CPU
	EndGlobalSection
	GlobalSection(SolutionProperties) = preSolution
		HideSolutionNode = FALSE
	EndGlobalSection
	GlobalSection(ExtensibilityGlobals) = postSolution
		SolutionGuid = {32376726-B030-4BF2-9228-47DE265FE020}
	EndGlobalSection
EndGlobal
